
Microsoft Visual Studio Solution File, Format Version 12.00
# Visual Studio Version 17
VisualStudioVersion = 17.9.34723.18
MinimumVisualStudioVersion = 10.0.40219.1
Project("{FAE04EC0-301F-11D3-BF4B-00C04F79EFBC}") = "Minimal-ASP.NET-WebAPI-With-JWT-Authentication", "Minimal-ASP.NET-WebAPI-With-JWT-Authentication\Minimal-ASP.NET-WebAPI-With-JWT-Authentication.csproj", "{4C3554DD-D610-45C3-BF67-E59756AC6EE9}"
EndProject
Global
	GlobalSection(SolutionConfigurationPlatforms) = preSolution
		Debug|Any CPU = Debug|Any CPU
		Release|Any CPU = Release|Any CPU
	EndGlobalSection
	GlobalSection(ProjectConfigurationPlatforms) = postSolution
		{4C3554DD-D610-45C3-BF67-E59756AC6EE9}.Debug|Any CPU.ActiveCfg = Debug|Any CPU
		{4C3554DD-D610-45C3-BF67-E59756AC6EE9}.Debug|Any CPU.Build.0 = Debug|Any CPU
		{4C3554DD-D610-45C3-BF67-E59756AC6EE9}.Release|Any CPU.ActiveCfg = Release|Any CPU
		{4C3554DD-D610-45C3-BF67-E59756AC6EE9}.Release|Any CPU.Build.0 = Release|Any CPU
	EndGlobalSection
	GlobalSection(SolutionProperties) = preSolution
		HideSolutionNode = FALSE
	EndGlobalSection
	GlobalSection(ExtensibilityGlobals) = postSolution
		SolutionGuid = {F96DA95D-1BF1-42C6-A964-F136291127C0}
	EndGlobalSection
EndGlobal
